
Microsoft Visual Studio Solution File, Format Version 12.00
# Visual Studio Version 17
VisualStudioVersion = 17.4.33122.133
MinimumVisualStudioVersion = 10.0.40219.1
Project("{FAE04EC0-301F-11D3-BF4B-00C04F79EFBC}") = "ASC_Automat_de_vanzari", "ASC_Automat_de_vanzari.csproj", "{95C4C89F-8CAE-4547-9C31-4C4E75B92C06}"
EndProject
Global
	GlobalSection(SolutionConfigurationPlatforms) = preSolution
		Debug|Any CPU = Debug|Any CPU
		Release|Any CPU = Release|Any CPU
	EndGlobalSection
	GlobalSection(ProjectConfigurationPlatforms) = postSolution
		{95C4C89F-8CAE-4547-9C31-4C4E75B92C06}.Debug|Any CPU.ActiveCfg = Debug|Any CPU
		{95C4C89F-8CAE-4547-9C31-4C4E75B92C06}.Debug|Any CPU.Build.0 = Debug|Any CPU
		{95C4C89F-8CAE-4547-9C31-4C4E75B92C06}.Release|Any CPU.ActiveCfg = Release|Any CPU
		{95C4C89F-8CAE-4547-9C31-4C4E75B92C06}.Release|Any CPU.Build.0 = Release|Any CPU
	EndGlobalSection
	GlobalSection(SolutionProperties) = preSolution
		HideSolutionNode = FALSE
	EndGlobalSection
	GlobalSection(ExtensibilityGlobals) = postSolution
		SolutionGuid = {B4084970-64C3-4FC4-9BB7-F6B3258D50A4}
	EndGlobalSection
EndGlobal
